
Microsoft Visual Studio Solution File, Format Version 12.00
# Visual Studio Version 17
VisualStudioVersion = 17.0.31903.59
MinimumVisualStudioVersion = 10.0.40219.1
Project("{FAE04EC0-301F-11D3-BF4B-00C04F79EFBC}") = "MyImapDownloader", "MyImapDownloader\MyImapDownloader.csproj", "{8E3B6382-B4FA-491C-8889-8964BC556B71}"
EndProject
Project("{FAE04EC0-301F-11D3-BF4B-00C04F79EFBC}") = "MyImapDownloader.Tests", "MyImapDownloader.Tests\MyImapDownloader.Tests.csproj", "{A1B2C3D4-E5F6-7890-ABCD-EF1234567890}"
EndProject
Project("{FAE04EC0-301F-11D3-BF4B-00C04F79EFBC}") = "MyEmailSearch", "MyEmailSearch\MyEmailSearch.csproj", "{B1BCE10C-31F6-4E45-81F9-B31F726A4B74}"
EndProject
Project("{FAE04EC0-301F-11D3-BF4B-00C04F79EFBC}") = "MyEmailSearch.Tests", "MyEmailSearch.Tests\MyEmailSearch.Tests.csproj", "{9C4B7964-8B7D-4859-B880-3699D772A024}"
EndProject
Global
	GlobalSection(SolutionConfigurationPlatforms) = preSolution
		Debug|Any CPU = Debug|Any CPU
		Debug|x64 = Debug|x64
		Debug|x86 = Debug|x86
		Release|Any CPU = Release|Any CPU
		Release|x64 = Release|x64
		Release|x86 = Release|x86
	EndGlobalSection
	GlobalSection(ProjectConfigurationPlatforms) = postSolution
		{8E3B6382-B4FA-491C-8889-8964BC556B71}.Debug|Any CPU.ActiveCfg = Debug|Any CPU
		{8E3B6382-B4FA-491C-8889-8964BC556B71}.Debug|Any CPU.Build.0 = Debug|Any CPU
		{8E3B6382-B4FA-491C-8889-8964BC556B71}.Debug|x64.ActiveCfg = Debug|Any CPU
		{8E3B6382-B4FA-491C-8889-8964BC556B71}.Debug|x64.Build.0 = Debug|Any CPU
		{8E3B6382-B4FA-491C-8889-8964BC556B71}.Debug|x86.ActiveCfg = Debug|Any CPU
		{8E3B6382-B4FA-491C-8889-8964BC556B71}.Debug|x86.Build.0 = Debug|Any CPU
		{8E3B6382-B4FA-491C-8889-8964BC556B71}.Release|Any CPU.ActiveCfg = Release|Any CPU
		{8E3B6382-B4FA-491C-8889-8964BC556B71}.Release|Any CPU.Build.0 = Release|Any CPU
		{8E3B6382-B4FA-491C-8889-8964BC556B71}.Release|x64.ActiveCfg = Release|Any CPU
		{8E3B6382-B4FA-491C-8889-8964BC556B71}.Release|x64.Build.0 = Release|Any CPU
		{8E3B6382-B4FA-491C-8889-8964BC556B71}.Release|x86.ActiveCfg = Release|Any CPU
		{8E3B6382-B4FA-491C-8889-8964BC556B71}.Release|x86.Build.0 = Release|Any CPU
		{A1B2C3D4-E5F6-7890-ABCD-EF1234567890}.Debug|Any CPU.ActiveCfg = Debug|Any CPU
		{A1B2C3D4-E5F6-7890-ABCD-EF1234567890}.Debug|Any CPU.Build.0 = Debug|Any CPU
		{A1B2C3D4-E5F6-7890-ABCD-EF1234567890}.Debug|x64.ActiveCfg = Debug|Any CPU
		{A1B2C3D4-E5F6-7890-ABCD-EF1234567890}.Debug|x64.Build.0 = Debug|Any CPU
		{A1B2C3D4-E5F6-7890-ABCD-EF1234567890}.Debug|x86.ActiveCfg = Debug|Any CPU
		{A1B2C3D4-E5F6-7890-ABCD-EF1234567890}.Debug|x86.Build.0 = Debug|Any CPU
		{A1B2C3D4-E5F6-7890-ABCD-EF1234567890}.Release|Any CPU.ActiveCfg = Release|Any CPU
		{A1B2C3D4-E5F6-7890-ABCD-EF1234567890}.Release|Any CPU.Build.0 = Release|Any CPU
		{A1B2C3D4-E5F6-7890-ABCD-EF1234567890}.Release|x64.ActiveCfg = Release|Any CPU
		{A1B2C3D4-E5F6-7890-ABCD-EF1234567890}.Release|x64.Build.0 = Release|Any CPU
		{A1B2C3D4-E5F6-7890-ABCD-EF1234567890}.Release|x86.ActiveCfg = Release|Any CPU
		{A1B2C3D4-E5F6-7890-ABCD-EF1234567890}.Release|x86.Build.0 = Release|Any CPU
		{B1BCE10C-31F6-4E45-81F9-B31F726A4B74}.Debug|Any CPU.ActiveCfg = Debug|Any CPU
		{B1BCE10C-31F6-4E45-81F9-B31F726A4B74}.Debug|Any CPU.Build.0 = Debug|Any CPU
		{B1BCE10C-31F6-4E45-81F9-B31F726A4B74}.Debug|x64.ActiveCfg = Debug|Any CPU
		{B1BCE10C-31F6-4E45-81F9-B31F726A4B74}.Debug|x64.Build.0 = Debug|Any CPU
		{B1BCE10C-31F6-4E45-81F9-B31F726A4B74}.Debug|x86.ActiveCfg = Debug|Any CPU
		{B1BCE10C-31F6-4E45-81F9-B31F726A4B74}.Debug|x86.Build.0 = Debug|Any CPU
		{B1BCE10C-31F6-4E45-81F9-B31F726A4B74}.Release|Any CPU.ActiveCfg = Release|Any CPU
		{B1BCE10C-31F6-4E45-81F9-B31F726A4B74}.Release|Any CPU.Build.0 = Release|Any CPU
		{B1BCE10C-31F6-4E45-81F9-B31F726A4B74}.Release|x64.ActiveCfg = Release|Any CPU
		{B1BCE10C-31F6-4E45-81F9-B31F726A4B74}.Release|x64.Build.0 = Release|Any CPU
		{B1BCE10C-31F6-4E45-81F9-B31F726A4B74}.Release|x86.ActiveCfg = Release|Any CPU
		{B1BCE10C-31F6-4E45-81F9-B31F726A4B74}.Release|x86.Build.0 = Release|Any CPU
		{9C4B7964-8B7D-4859-B880-3699D772A024}.Debug|Any CPU.ActiveCfg = Debug|Any CPU
		{9C4B7964-8B7D-4859-B880-3699D772A024}.Debug|Any CPU.Build.0 = Debug|Any CPU
		{9C4B7964-8B7D-4859-B880-3699D772A024}.Debug|x64.ActiveCfg = Debug|Any CPU
		{9C4B7964-8B7D-4859-B880-3699D772A024}.Debug|x64.Build.0 = Debug|Any CPU
		{9C4B7964-8B7D-4859-B880-3699D772A024}.Debug|x86.ActiveCfg = Debug|Any CPU
		{9C4B7964-8B7D-4859-B880-3699D772A024}.Debug|x86.Build.0 = Debug|Any CPU
		{9C4B7964-8B7D-4859-B880-3699D772A024}.Release|Any CPU.ActiveCfg = Release|Any CPU
		{9C4B7964-8B7D-4859-B880-3699D772A024}.Release|Any CPU.Build.0 = Release|Any CPU
		{9C4B7964-8B7D-4859-B880-3699D772A024}.Release|x64.ActiveCfg = Release|Any CPU
		{9C4B7964-8B7D-4859-B880-3699D772A024}.Release|x64.Build.0 = Release|Any CPU
		{9C4B7964-8B7D-4859-B880-3699D772A024}.Release|x86.ActiveCfg = Release|Any CPU
		{9C4B7964-8B7D-4859-B880-3699D772A024}.Release|x86.Build.0 = Release|Any CPU
	EndGlobalSection
	GlobalSection(SolutionProperties) = preSolution
		HideSolutionNode = FALSE
	EndGlobalSection
EndGlobal
